<Solution>
  <Folder Name="/src/">
    <Project Path="src/Nekolla.Nekostick.ServiceHost/Nekolla.Nekostick.ServiceHost.csproj" />
  </Folder>
  <Folder Name="/tests/">
    <Project Path="tests/Nekolla.Nekostick.ServiceHost.UnitTests/Nekolla.Nekostick.ServiceHost.UnitTests.csproj" />
  </Folder>
</Solution>
